// !$*UTF8*$!
{
	archiveVersion = 1;
	classes = {
	};
	objectVersion = 50;
	objects = {

/* Begin PBXBuildFile section */
		CF6C300F26145957006129C3 /* AppDelegate.swift in Sources */ = {isa = PBXBuildFile; fileRef = CF6C300E26145957006129C3 /* AppDelegate.swift */; };
		CF6C301126145957006129C3 /* SceneDelegate.swift in Sources */ = {isa = PBXBuildFile; fileRef = CF6C301026145957006129C3 /* SceneDelegate.swift */; };
		CF6C301326145957006129C3 /* ViewController.swift in Sources */ = {isa = PBXBuildFile; fileRef = CF6C301226145957006129C3 /* ViewController.swift */; };
		CF6C301626145957006129C3 /* Main.storyboard in Resources */ = {isa = PBXBuildFile; fileRef = CF6C301426145957006129C3 /* Main.storyboard */; };
		CF6C301926145957006129C3 /* CustomBiggerCell.xcdatamodeld in Sources */ = {isa = PBXBuildFile; fileRef = CF6C301726145957006129C3 /* CustomBiggerCell.xcdatamodeld */; };
		CF6C301B26145959006129C3 /* Assets.xcassets in Resources */ = {isa = PBXBuildFile; fileRef = CF6C301A26145959006129C3 /* Assets.xcassets */; };
		CF6C301E26145959006129C3 /* LaunchScreen.storyboard in Resources */ = {isa = PBXBuildFile; fileRef = CF6C301C26145959006129C3 /* LaunchScreen.storyboard */; };
		CF6C302926145959006129C3 /* CustomBiggerCellTests.swift in Sources */ = {isa = PBXBuildFile; fileRef = CF6C302826145959006129C3 /* CustomBiggerCellTests.swift */; };
		CF6C303426145959006129C3 /* CustomBiggerCellUITests.swift in Sources */ = {isa = PBXBuildFile; fileRef = CF6C303326145959006129C3 /* CustomBiggerCellUITests.swift */; };
		CF6C304526145B61006129C3 /* Cell.swift in Sources */ = {isa = PBXBuildFile; fileRef = CF6C304426145B61006129C3 /* Cell.swift */; };
/* End PBXBuildFile section */

/* Begin PBXContainerItemProxy section */
		CF6C302526145959006129C3 /* PBXContainerItemProxy */ = {
			isa = PBXContainerItemProxy;
			containerPortal = CF6C300326145957006129C3 /* Project object */;
			proxyType = 1;
			remoteGlobalIDString = CF6C300A26145957006129C3;
			remoteInfo = CustomBiggerCell;
		};
		CF6C303026145959006129C3 /* PBXContainerItemProxy */ = {
			isa = PBXContainerItemProxy;
			containerPortal = CF6C300326145957006129C3 /* Project object */;
			proxyType = 1;
			remoteGlobalIDString = CF6C300A26145957006129C3;
			remoteInfo = CustomBiggerCell;
		};
/* End PBXContainerItemProxy section */

/* Begin PBXFileReference section */
		CF6C300B26145957006129C3 /* CustomBiggerCell.app */ = {isa = PBXFileReference; explicitFileType = wrapper.application; includeInIndex = 0; path = CustomBiggerCell.app; sourceTree = BUILT_PRODUCTS_DIR; };
		CF6C300E26145957006129C3 /* AppDelegate.swift */ = {isa = PBXFileReference; lastKnownFileType = sourcecode.swift; path = AppDelegate.swift; sourceTree = "<group>"; };
		CF6C301026145957006129C3 /* SceneDelegate.swift */ = {isa = PBXFileReference; lastKnownFileType = sourcecode.swift; path = SceneDelegate.swift; sourceTree = "<group>"; };
		CF6C301226145957006129C3 /* ViewController.swift */ = {isa = PBXFileReference; lastKnownFileType = sourcecode.swift; path = ViewController.swift; sourceTree = "<group>"; };
		CF6C301526145957006129C3 /* Base */ = {isa = PBXFileReference; lastKnownFileType = file.storyboard; name = Base; path = Base.lproj/Main.storyboard; sourceTree = "<group>"; };
		CF6C301826145957006129C3 /* CustomBiggerCell.xcdatamodel */ = {isa = PBXFileReference; lastKnownFileType = wrapper.xcdatamodel; path = CustomBiggerCell.xcdatamodel; sourceTree = "<group>"; };
		CF6C301A26145959006129C3 /* Assets.xcassets */ = {isa = PBXFileReference; lastKnownFileType = folder.assetcatalog; path = Assets.xcassets; sourceTree = "<group>"; };
		CF6C301D26145959006129C3 /* Base */ = {isa = PBXFileReference; lastKnownFileType = file.storyboard; name = Base; path = Base.lproj/LaunchScreen.storyboard; sourceTree = "<group>"; };
		CF6C301F26145959006129C3 /* Info.plist */ = {isa = PBXFileReference; lastKnownFileType = text.plist.xml; path = Info.plist; sourceTree = "<group>"; };
		CF6C302426145959006129C3 /* CustomBiggerCellTests.xctest */ = {isa = PBXFileReference; explicitFileType = wrapper.cfbundle; includeInIndex = 0; path = CustomBiggerCellTests.xctest; sourceTree = BUILT_PRODUCTS_DIR; };
		CF6C302826145959006129C3 /* CustomBiggerCellTests.swift */ = {isa = PBXFileReference; lastKnownFileType = sourcecode.swift; path = CustomBiggerCellTests.swift; sourceTree = "<group>"; };
		CF6C302A26145959006129C3 /* Info.plist */ = {isa = PBXFileReference; lastKnownFileType = text.plist.xml; path = Info.plist; sourceTree = "<group>"; };
		CF6C302F26145959006129C3 /* CustomBiggerCellUITests.xctest */ = {isa = PBXFileReference; explicitFileType = wrapper.cfbundle; includeInIndex = 0; path = CustomBiggerCellUITests.xctest; sourceTree = BUILT_PRODUCTS_DIR; };
		CF6C303326145959006129C3 /* CustomBiggerCellUITests.swift */ = {isa = PBXFileReference; lastKnownFileType = sourcecode.swift; path = CustomBiggerCellUITests.swift; sourceTree = "<group>"; };
		CF6C303526145959006129C3 /* Info.plist */ = {isa = PBXFileReference; lastKnownFileType = text.plist.xml; path = Info.plist; sourceTree = "<group>"; };
		CF6C304426145B61006129C3 /* Cell.swift */ = {isa = PBXFileReference; lastKnownFileType = sourcecode.swift; path = Cell.swift; sourceTree = "<group>"; };
/* End PBXFileReference section */

/* Begin PBXFrameworksBuildPhase section */
		CF6C300826145957006129C3 /* Frameworks */ = {
			isa = PBXFrameworksBuildPhase;
			buildActionMask = 2147483647;
			files = (
			);
			runOnlyForDeploymentPostprocessing = 0;
		};
		CF6C302126145959006129C3 /* Frameworks */ = {
			isa = PBXFrameworksBuildPhase;
			buildActionMask = 2147483647;
			files = (
			);
			runOnlyForDeploymentPostprocessing = 0;
		};
		CF6C302C26145959006129C3 /* Frameworks */ = {
			isa = PBXFrameworksBuildPhase;
			buildActionMask = 2147483647;
			files = (
			);
			runOnlyForDeploymentPostprocessing = 0;
		};
/* End PBXFrameworksBuildPhase section */

/* Begin PBXGroup section */
		CF6C300226145957006129C3 = {
			isa = PBXGroup;
			children = (
				CF6C300D26145957006129C3 /* CustomBiggerCell */,
				CF6C302726145959006129C3 /* CustomBiggerCellTests */,
				CF6C303226145959006129C3 /* CustomBiggerCellUITests */,
				CF6C300C26145957006129C3 /* Products */,
			);
			sourceTree = "<group>";
		};
		CF6C300C26145957006129C3 /* Products */ = {
			isa = PBXGroup;
			children = (
				CF6C300B26145957006129C3 /* CustomBiggerCell.app */,
				CF6C302426145959006129C3 /* CustomBiggerCellTests.xctest */,
				CF6C302F26145959006129C3 /* CustomBiggerCellUITests.xctest */,
			);
			name = Products;
			sourceTree = "<group>";
		};
		CF6C300D26145957006129C3 /* CustomBiggerCell */ = {
			isa = PBXGroup;
			children = (
				CF6C300E26145957006129C3 /* AppDelegate.swift */,
				CF6C301026145957006129C3 /* SceneDelegate.swift */,
				CF6C301226145957006129C3 /* ViewController.swift */,
				CF6C301426145957006129C3 /* Main.storyboard */,
				CF6C301A26145959006129C3 /* Assets.xcassets */,
				CF6C301C26145959006129C3 /* LaunchScreen.storyboard */,
				CF6C301F26145959006129C3 /* Info.plist */,
				CF6C301726145957006129C3 /* CustomBiggerCell.xcdatamodeld */,
				CF6C304426145B61006129C3 /* Cell.swift */,
			);
			path = CustomBiggerCell;
			sourceTree = "<group>";
		};
		CF6C302726145959006129C3 /* CustomBiggerCellTests */ = {
			isa = PBXGroup;
			children = (
				CF6C302826145959006129C3 /* CustomBiggerCellTests.swift */,
				CF6C302A26145959006129C3 /* Info.plist */,
			);
			path = CustomBiggerCellTests;
			sourceTree = "<group>";
		};
		CF6C303226145959006129C3 /* CustomBiggerCellUITests */ = {
			isa = PBXGroup;
			children = (
				CF6C303326145959006129C3 /* CustomBiggerCellUITests.swift */,
				CF6C303526145959006129C3 /* Info.plist */,
			);
			path = CustomBiggerCellUITests;
			sourceTree = "<group>";
		};
/* End PBXGroup section */

/* Begin PBXNativeTarget section */
		CF6C300A26145957006129C3 /* CustomBiggerCell */ = {
			isa = PBXNativeTarget;
			buildConfigurationList = CF6C30382614595A006129C3 /* Build configuration list for PBXNativeTarget "CustomBiggerCell" */;
			buildPhases = (
				CF6C300726145957006129C3 /* Sources */,
				CF6C300826145957006129C3 /* Frameworks */,
				CF6C300926145957006129C3 /* Resources */,
			);
			buildRules = (
			);
			dependencies = (
			);
			name = CustomBiggerCell;
			productName = CustomBiggerCell;
			productReference = CF6C300B26145957006129C3 /* CustomBiggerCell.app */;
			productType = "com.apple.product-type.application";
		};
		CF6C302326145959006129C3 /* CustomBiggerCellTests */ = {
			isa = PBXNativeTarget;
			buildConfigurationList = CF6C303B2614595A006129C3 /* Build configuration list for PBXNativeTarget "CustomBiggerCellTests" */;
			buildPhases = (
				CF6C302026145959006129C3 /* Sources */,
				CF6C302126145959006129C3 /* Frameworks */,
				CF6C302226145959006129C3 /* Resources */,
			);
			buildRules = (
			);
			dependencies = (
				CF6C302626145959006129C3 /* PBXTargetDependency */,
			);
			name = CustomBiggerCellTests;
			productName = CustomBiggerCellTests;
			productReference = CF6C302426145959006129C3 /* CustomBiggerCellTests.xctest */;
			productType = "com.apple.product-type.bundle.unit-test";
		};
		CF6C302E26145959006129C3 /* CustomBiggerCellUITests */ = {
			isa = PBXNativeTarget;
			buildConfigurationList = CF6C303E2614595A006129C3 /* Build configuration list for PBXNativeTarget "CustomBiggerCellUITests" */;
			buildPhases = (
				CF6C302B26145959006129C3 /* Sources */,
				CF6C302C26145959006129C3 /* Frameworks */,
				CF6C302D26145959006129C3 /* Resources */,
			);
			buildRules = (
			);
			dependencies = (
				CF6C303126145959006129C3 /* PBXTargetDependency */,
			);
			name = CustomBiggerCellUITests;
			productName = CustomBiggerCellUITests;
			productReference = CF6C302F26145959006129C3 /* CustomBiggerCellUITests.xctest */;
			productType = "com.apple.product-type.bundle.ui-testing";
		};
/* End PBXNativeTarget section */

/* Begin PBXProject section */
		CF6C300326145957006129C3 /* Project object */ = {
			isa = PBXProject;
			attributes = {
				LastSwiftUpdateCheck = 1240;
				LastUpgradeCheck = 1240;
				TargetAttributes = {
					CF6C300A26145957006129C3 = {
						CreatedOnToolsVersion = 12.4;
					};
					CF6C302326145959006129C3 = {
						CreatedOnToolsVersion = 12.4;
						TestTargetID = CF6C300A26145957006129C3;
					};
					CF6C302E26145959006129C3 = {
						CreatedOnToolsVersion = 12.4;
						TestTargetID = CF6C300A26145957006129C3;
					};
				};
			};
			buildConfigurationList = CF6C300626145957006129C3 /* Build configuration list for PBXProject "CustomBiggerCell" */;
			compatibilityVersion = "Xcode 9.3";
			developmentRegion = en;
			hasScannedForEncodings = 0;
			knownRegions = (
				en,
				Base,
			);
			mainGroup = CF6C300226145957006129C3;
			productRefGroup = CF6C300C26145957006129C3 /* Products */;
			projectDirPath = "";
			projectRoot = "";
			targets = (
				CF6C300A26145957006129C3 /* CustomBiggerCell */,
				CF6C302326145959006129C3 /* CustomBiggerCellTests */,
				CF6C302E26145959006129C3 /* CustomBiggerCellUITests */,
			);
		};
/* End PBXProject section */

/* Begin PBXResourcesBuildPhase section */
		CF6C300926145957006129C3 /* Resources */ = {
			isa = PBXResourcesBuildPhase;
			buildActionMask = 2147483647;
			files = (
				CF6C301E26145959006129C3 /* LaunchScreen.storyboard in Resources */,
				CF6C301B26145959006129C3 /* Assets.xcassets in Resources */,
				CF6C301626145957006129C3 /* Main.storyboard in Resources */,
			);
			runOnlyForDeploymentPostprocessing = 0;
		};
		CF6C302226145959006129C3 /* Resources */ = {
			isa = PBXResourcesBuildPhase;
			buildActionMask = 2147483647;
			files = (
			);
			runOnlyForDeploymentPostprocessing = 0;
		};
		CF6C302D26145959006129C3 /* Resources */ = {
			isa = PBXResourcesBuildPhase;
			buildActionMask = 2147483647;
			files = (
			);
			runOnlyForDeploymentPostprocessing = 0;
		};
/* End PBXResourcesBuildPhase section */

/* Begin PBXSourcesBuildPhase section */
		CF6C300726145957006129C3 /* Sources */ = {
			isa = PBXSourcesBuildPhase;
			buildActionMask = 2147483647;
			files = (
				CF6C301926145957006129C3 /* CustomBiggerCell.xcdatamodeld in Sources */,
				CF6C301326145957006129C3 /* ViewController.swift in Sources */,
				CF6C304526145B61006129C3 /* Cell.swift in Sources */,
				CF6C300F26145957006129C3 /* AppDelegate.swift in Sources */,
				CF6C301126145957006129C3 /* SceneDelegate.swift in Sources */,
			);
			runOnlyForDeploymentPostprocessing = 0;
		};
		CF6C302026145959006129C3 /* Sources */ = {
			isa = PBXSourcesBuildPhase;
			buildActionMask = 2147483647;
			files = (
				CF6C302926145959006129C3 /* CustomBiggerCellTests.swift in Sources */,
			);
			runOnlyForDeploymentPostprocessing = 0;
		};
		CF6C302B26145959006129C3 /* Sources */ = {
			isa = PBXSourcesBuildPhase;
			buildActionMask = 2147483647;
			files = (
				CF6C303426145959006129C3 /* CustomBiggerCellUITests.swift in Sources */,
			);
			runOnlyForDeploymentPostprocessing = 0;
		};
/* End PBXSourcesBuildPhase section */

/* Begin PBXTargetDependency section */
		CF6C302626145959006129C3 /* PBXTargetDependency */ = {
			isa = PBXTargetDependency;
			target = CF6C300A26145957006129C3 /* CustomBiggerCell */;
			targetProxy = CF6C302526145959006129C3 /* PBXContainerItemProxy */;
		};
		CF6C303126145959006129C3 /* PBXTargetDependency */ = {
			isa = PBXTargetDependency;
			target = CF6C300A26145957006129C3 /* CustomBiggerCell */;
			targetProxy = CF6C303026145959006129C3 /* PBXContainerItemProxy */;
		};
/* End PBXTargetDependency section */

/* Begin PBXVariantGroup section */
		CF6C301426145957006129C3 /* Main.storyboard */ = {
			isa = PBXVariantGroup;
			children = (
				CF6C301526145957006129C3 /* Base */,
			);
			name = Main.storyboard;
			sourceTree = "<group>";
		};
		CF6C301C26145959006129C3 /* LaunchScreen.storyboard */ = {
			isa = PBXVariantGroup;
			children = (
				CF6C301D26145959006129C3 /* Base */,
			);
			name = LaunchScreen.storyboard;
			sourceTree = "<group>";
		};
/* End PBXVariantGroup section */

/* Begin XCBuildConfiguration section */
		CF6C30362614595A006129C3 /* Debug */ = {
			isa = XCBuildConfiguration;
			buildSettings = {
				ALWAYS_SEARCH_USER_PATHS = NO;
				CLANG_ANALYZER_NONNULL = YES;
				CLANG_ANALYZER_NUMBER_OBJECT_CONVERSION = YES_AGGRESSIVE;
				CLANG_CXX_LANGUAGE_STANDARD = "gnu++14";
				CLANG_CXX_LIBRARY = "libc++";
				CLANG_ENABLE_MODULES = YES;
				CLANG_ENABLE_OBJC_ARC = YES;
				CLANG_ENABLE_OBJC_WEAK = YES;
				CLANG_WARN_BLOCK_CAPTURE_AUTORELEASING = YES;
				CLANG_WARN_BOOL_CONVERSION = YES;
				CLANG_WARN_COMMA = YES;
				CLANG_WARN_CONSTANT_CONVERSION = YES;
				CLANG_WARN_DEPRECATED_OBJC_IMPLEMENTATIONS = YES;
				CLANG_WARN_DIRECT_OBJC_ISA_USAGE = YES_ERROR;
				CLANG_WARN_DOCUMENTATION_COMMENTS = YES;
				CLANG_WARN_EMPTY_BODY = YES;
				CLANG_WARN_ENUM_CONVERSION = YES;
				CLANG_WARN_INFINITE_RECURSION = YES;
				CLANG_WARN_INT_CONVERSION = YES;
				CLANG_WARN_NON_LITERAL_NULL_CONVERSION = YES;
				CLANG_WARN_OBJC_IMPLICIT_RETAIN_SELF = YES;
				CLANG_WARN_OBJC_LITERAL_CONVERSION = YES;
				CLANG_WARN_OBJC_ROOT_CLASS = YES_ERROR;
				CLANG_WARN_QUOTED_INCLUDE_IN_FRAMEWORK_HEADER = YES;
				CLANG_WARN_RANGE_LOOP_ANALYSIS = YES;
				CLANG_WARN_STRICT_PROTOTYPES = YES;
				CLANG_WARN_SUSPICIOUS_MOVE = YES;
				CLANG_WARN_UNGUARDED_AVAILABILITY = YES_AGGRESSIVE;
				CLANG_WARN_UNREACHABLE_CODE = YES;
				CLANG_WARN__DUPLICATE_METHOD_MATCH = YES;
				COPY_PHASE_STRIP = NO;
				DEBUG_INFORMATION_FORMAT = dwarf;
				ENABLE_STRICT_OBJC_MSGSEND = YES;
				ENABLE_TESTABILITY = YES;
				GCC_C_LANGUAGE_STANDARD = gnu11;
				GCC_DYNAMIC_NO_PIC = NO;
				GCC_NO_COMMON_BLOCKS = YES;
				GCC_OPTIMIZATION_LEVEL = 0;
				GCC_PREPROCESSOR_DEFINITIONS = (
					"DEBUG=1",
					"$(inherited)",
				);
				GCC_WARN_64_TO_32_BIT_CONVERSION = YES;
				GCC_WARN_ABOUT_RETURN_TYPE = YES_ERROR;
				GCC_WARN_UNDECLARED_SELECTOR = YES;
				GCC_WARN_UNINITIALIZED_AUTOS = YES_AGGRESSIVE;
				GCC_WARN_UNUSED_FUNCTION = YES;
				GCC_WARN_UNUSED_VARIABLE = YES;
				IPHONEOS_DEPLOYMENT_TARGET = 14.4;
				MTL_ENABLE_DEBUG_INFO = INCLUDE_SOURCE;
				MTL_FAST_MATH = YES;
				ONLY_ACTIVE_ARCH = YES;
				SDKROOT = iphoneos;
				SWIFT_ACTIVE_COMPILATION_CONDITIONS = DEBUG;
				SWIFT_OPTIMIZATION_LEVEL = "-Onone";
			};
			name = Debug;
		};
		CF6C30372614595A006129C3 /* Release */ = {
			isa = XCBuildConfiguration;
			buildSettings = {
				ALWAYS_SEARCH_USER_PATHS = NO;
				CLANG_ANALYZER_NONNULL = YES;
				CLANG_ANALYZER_NUMBER_OBJECT_CONVERSION = YES_AGGRESSIVE;
				CLANG_CXX_LANGUAGE_STANDARD = "gnu++14";
				CLANG_CXX_LIBRARY = "libc++";
				CLANG_ENABLE_MODULES = YES;
				CLANG_ENABLE_OBJC_ARC = YES;
				CLANG_ENABLE_OBJC_WEAK = YES;
				CLANG_WARN_BLOCK_CAPTURE_AUTORELEASING = YES;
				CLANG_WARN_BOOL_CONVERSION = YES;
				CLANG_WARN_COMMA = YES;
				CLANG_WARN_CONSTANT_CONVERSION = YES;
				CLANG_WARN_DEPRECATED_OBJC_IMPLEMENTATIONS = YES;
				CLANG_WARN_DIRECT_OBJC_ISA_USAGE = YES_ERROR;
				CLANG_WARN_DOCUMENTATION_COMMENTS = YES;
				CLANG_WARN_EMPTY_BODY = YES;
				CLANG_WARN_ENUM_CONVERSION = YES;
				CLANG_WARN_INFINITE_RECURSION = YES;
				CLANG_WARN_INT_CONVERSION = YES;
				CLANG_WARN_NON_LITERAL_NULL_CONVERSION = YES;
				CLANG_WARN_OBJC_IMPLICIT_RETAIN_SELF = YES;
				CLANG_WARN_OBJC_LITERAL_CONVERSION = YES;
				CLANG_WARN_OBJC_ROOT_CLASS = YES_ERROR;
				CLANG_WARN_QUOTED_INCLUDE_IN_FRAMEWORK_HEADER = YES;
				CLANG_WARN_RANGE_LOOP_ANALYSIS = YES;
				CLANG_WARN_STRICT_PROTOTYPES = YES;
				CLANG_WARN_SUSPICIOUS_MOVE = YES;
				CLANG_WARN_UNGUARDED_AVAILABILITY = YES_AGGRESSIVE;
				CLANG_WARN_UNREACHABLE_CODE = YES;
				CLANG_WARN__DUPLICATE_METHOD_MATCH = YES;
				COPY_PHASE_STRIP = NO;
				DEBUG_INFORMATION_FORMAT = "dwarf-with-dsym";
				ENABLE_NS_ASSERTIONS = NO;
				ENABLE_STRICT_OBJC_MSGSEND = YES;
				GCC_C_LANGUAGE_STANDARD = gnu11;
				GCC_NO_COMMON_BLOCKS = YES;
				GCC_WARN_64_TO_32_BIT_CONVERSION = YES;
				GCC_WARN_ABOUT_RETURN_TYPE = YES_ERROR;
				GCC_WARN_UNDECLARED_SELECTOR = YES;
				GCC_WARN_UNINITIALIZED_AUTOS = YES_AGGRESSIVE;
				GCC_WARN_UNUSED_FUNCTION = YES;
				GCC_WARN_UNUSED_VARIABLE = YES;
				IPHONEOS_DEPLOYMENT_TARGET = 14.4;
				MTL_ENABLE_DEBUG_INFO = NO;
				MTL_FAST_MATH = YES;
				SDKROOT = iphoneos;
				SWIFT_COMPILATION_MODE = wholemodule;
				SWIFT_OPTIMIZATION_LEVEL = "-O";
				VALIDATE_PRODUCT = YES;
			};
			name = Release;
		};
		CF6C30392614595A006129C3 /* Debug */ = {
			isa = XCBuildConfiguration;
			buildSettings = {
				ASSETCATALOG_COMPILER_APPICON_NAME = AppIcon;
				ASSETCATALOG_COMPILER_GLOBAL_ACCENT_COLOR_NAME = AccentColor;
				CODE_SIGN_STYLE = Automatic;
				DEVELOPMENT_TEAM = 8WRYJP4PW9;
				INFOPLIST_FILE = CustomBiggerCell/Info.plist;
				LD_RUNPATH_SEARCH_PATHS = (
					"$(inherited)",
					"@executable_path/Frameworks",
				);
				PRODUCT_BUNDLE_IDENTIFIER = Jim.CustomBiggerCell;
				PRODUCT_NAME = "$(TARGET_NAME)";
				SWIFT_VERSION = 5.0;
				TARGETED_DEVICE_FAMILY = "1,2";
			};
			name = Debug;
		};
		CF6C303A2614595A006129C3 /* Release */ = {
			isa = XCBuildConfiguration;
			buildSettings = {
				ASSETCATALOG_COMPILER_APPICON_NAME = AppIcon;
				ASSETCATALOG_COMPILER_GLOBAL_ACCENT_COLOR_NAME = AccentColor;
				CODE_SIGN_STYLE = Automatic;
				DEVELOPMENT_TEAM = 8WRYJP4PW9;
				INFOPLIST_FILE = CustomBiggerCell/Info.plist;
				LD_RUNPATH_SEARCH_PATHS = (
					"$(inherited)",
					"@executable_path/Frameworks",
				);
				PRODUCT_BUNDLE_IDENTIFIER = Jim.CustomBiggerCell;
				PRODUCT_NAME = "$(TARGET_NAME)";
				SWIFT_VERSION = 5.0;
				TARGETED_DEVICE_FAMILY = "1,2";
			};
			name = Release;
		};
		CF6C303C2614595A006129C3 /* Debug */ = {
			isa = XCBuildConfiguration;
			buildSettings = {
				ALWAYS_EMBED_SWIFT_STANDARD_LIBRARIES = YES;
				BUNDLE_LOADER = "$(TEST_HOST)";
				CODE_SIGN_STYLE = Automatic;
				DEVELOPMENT_TEAM = 8WRYJP4PW9;
				INFOPLIST_FILE = CustomBiggerCellTests/Info.plist;
				IPHONEOS_DEPLOYMENT_TARGET = 14.4;
				LD_RUNPATH_SEARCH_PATHS = (
					"$(inherited)",
					"@executable_path/Frameworks",
					"@loader_path/Frameworks",
				);
				PRODUCT_BUNDLE_IDENTIFIER = Jim.CustomBiggerCellTests;
				PRODUCT_NAME = "$(TARGET_NAME)";
				SWIFT_VERSION = 5.0;
				TARGETED_DEVICE_FAMILY = "1,2";
				TEST_HOST = "$(BUILT_PRODUCTS_DIR)/CustomBiggerCell.app/CustomBiggerCell";
			};
			name = Debug;
		};
		CF6C303D2614595A006129C3 /* Release */ = {
			isa = XCBuildConfiguration;
			buildSettings = {
				ALWAYS_EMBED_SWIFT_STANDARD_LIBRARIES = YES;
				BUNDLE_LOADER = "$(TEST_HOST)";
				CODE_SIGN_STYLE = Automatic;
				DEVELOPMENT_TEAM = 8WRYJP4PW9;
				INFOPLIST_FILE = CustomBiggerCellTests/Info.plist;
				IPHONEOS_DEPLOYMENT_TARGET = 14.4;
				LD_RUNPATH_SEARCH_PATHS = (
					"$(inherited)",
					"@executable_path/Frameworks",
					"@loader_path/Frameworks",
				);
				PRODUCT_BUNDLE_IDENTIFIER = Jim.CustomBiggerCellTests;
				PRODUCT_NAME = "$(TARGET_NAME)";
				SWIFT_VERSION = 5.0;
				TARGETED_DEVICE_FAMILY = "1,2";
				TEST_HOST = "$(BUILT_PRODUCTS_DIR)/CustomBiggerCell.app/CustomBiggerCell";
			};
			name = Release;
		};
		CF6C303F2614595A006129C3 /* Debug */ = {
			isa = XCBuildConfiguration;
			buildSettings = {
				ALWAYS_EMBED_SWIFT_STANDARD_LIBRARIES = YES;
				CODE_SIGN_STYLE = Automatic;
				DEVELOPMENT_TEAM = 8WRYJP4PW9;
				INFOPLIST_FILE = CustomBiggerCellUITests/Info.plist;
				LD_RUNPATH_SEARCH_PATHS = (
					"$(inherited)",
					"@executable_path/Frameworks",
					"@loader_path/Frameworks",
				);
				PRODUCT_BUNDLE_IDENTIFIER = Jim.CustomBiggerCellUITests;
				PRODUCT_NAME = "$(TARGET_NAME)";
				SWIFT_VERSION = 5.0;
				TARGETED_DEVICE_FAMILY = "1,2";
				TEST_TARGET_NAME = CustomBiggerCell;
			};
			name = Debug;
		};
		CF6C30402614595A006129C3 /* Release */ = {
			isa = XCBuildConfiguration;
			buildSettings = {
				ALWAYS_EMBED_SWIFT_STANDARD_LIBRARIES = YES;
				CODE_SIGN_STYLE = Automatic;
				DEVELOPMENT_TEAM = 8WRYJP4PW9;
				INFOPLIST_FILE = CustomBiggerCellUITests/Info.plist;
				LD_RUNPATH_SEARCH_PATHS = (
					"$(inherited)",
					"@executable_path/Frameworks",
					"@loader_path/Frameworks",
				);
				PRODUCT_BUNDLE_IDENTIFIER = Jim.CustomBiggerCellUITests;
				PRODUCT_NAME = "$(TARGET_NAME)";
				SWIFT_VERSION = 5.0;
				TARGETED_DEVICE_FAMILY = "1,2";
				TEST_TARGET_NAME = CustomBiggerCell;
			};
			name = Release;
		};
/* End XCBuildConfiguration section */

/* Begin XCConfigurationList section */
		CF6C300626145957006129C3 /* Build configuration list for PBXProject "CustomBiggerCell" */ = {
			isa = XCConfigurationList;
			buildConfigurations = (
				CF6C30362614595A006129C3 /* Debug */,
				CF6C30372614595A006129C3 /* Release */,
			);
			defaultConfigurationIsVisible = 0;
			defaultConfigurationName = Release;
		};
		CF6C30382614595A006129C3 /* Build configuration list for PBXNativeTarget "CustomBiggerCell" */ = {
			isa = XCConfigurationList;
			buildConfigurations = (
				CF6C30392614595A006129C3 /* Debug */,
				CF6C303A2614595A006129C3 /* Release */,
			);
			defaultConfigurationIsVisible = 0;
			defaultConfigurationName = Release;
		};
		CF6C303B2614595A006129C3 /* Build configuration list for PBXNativeTarget "CustomBiggerCellTests" */ = {
			isa = XCConfigurationList;
			buildConfigurations = (
				CF6C303C2614595A006129C3 /* Debug */,
				CF6C303D2614595A006129C3 /* Release */,
			);
			defaultConfigurationIsVisible = 0;
			defaultConfigurationName = Release;
		};
		CF6C303E2614595A006129C3 /* Build configuration list for PBXNativeTarget "CustomBiggerCellUITests" */ = {
			isa = XCConfigurationList;
			buildConfigurations = (
				CF6C303F2614595A006129C3 /* Debug */,
				CF6C30402614595A006129C3 /* Release */,
			);
			defaultConfigurationIsVisible = 0;
			defaultConfigurationName = Release;
		};
/* End XCConfigurationList section */

/* Begin XCVersionGroup section */
		CF6C301726145957006129C3 /* CustomBiggerCell.xcdatamodeld */ = {
			isa = XCVersionGroup;
			children = (
				CF6C301826145957006129C3 /* CustomBiggerCell.xcdatamodel */,
			);
			currentVersion = CF6C301826145957006129C3 /* CustomBiggerCell.xcdatamodel */;
			path = CustomBiggerCell.xcdatamodeld;
			sourceTree = "<group>";
			versionGroupType = wrapper.xcdatamodel;
		};
/* End XCVersionGroup section */
	};
	rootObject = CF6C300326145957006129C3 /* Project object */;
}
